
Microsoft Visual Studio Solution File, Format Version 12.00
# Visual Studio Version 17
VisualStudioVersion = 17.9.34607.119
MinimumVisualStudioVersion = 10.0.40219.1
Project("{FAE04EC0-301F-11D3-BF4B-00C04F79EFBC}") = "C#_BASIC_SERVER_PROJECT", "C#_BASIC_SERVER_PROJECT\C#_BASIC_SERVER_PROJECT.csproj", "{5D2BE001-2595-416C-A820-FCFF7FDBCE15}"
EndProject
Project("{FAE04EC0-301F-11D3-BF4B-00C04F79EFBC}") = "CLIENT", "CLIENT\CLIENT.csproj", "{1DCE9D46-4E19-4992-9BF8-9BB5A547214F}"
EndProject
Project("{8BC9CEB8-8B4A-11D0-8D11-00A0C91BC942}") = "CPPServer", "CPPServer\CPPServer.vcxproj", "{392BB61A-031F-4C8E-9B23-260C5C3CCF97}"
EndProject
Global
	GlobalSection(SolutionConfigurationPlatforms) = preSolution
		Debug|Any CPU = Debug|Any CPU
		Debug|x64 = Debug|x64
		Debug|x86 = Debug|x86
		Release|Any CPU = Release|Any CPU
		Release|x64 = Release|x64
		Release|x86 = Release|x86
	EndGlobalSection
	GlobalSection(ProjectConfigurationPlatforms) = postSolution
		{5D2BE001-2595-416C-A820-FCFF7FDBCE15}.Debug|Any CPU.ActiveCfg = Debug|Any CPU
		{5D2BE001-2595-416C-A820-FCFF7FDBCE15}.Debug|Any CPU.Build.0 = Debug|Any CPU
		{5D2BE001-2595-416C-A820-FCFF7FDBCE15}.Debug|x64.ActiveCfg = Debug|Any CPU
		{5D2BE001-2595-416C-A820-FCFF7FDBCE15}.Debug|x64.Build.0 = Debug|Any CPU
		{5D2BE001-2595-416C-A820-FCFF7FDBCE15}.Debug|x86.ActiveCfg = Debug|Any CPU
		{5D2BE001-2595-416C-A820-FCFF7FDBCE15}.Debug|x86.Build.0 = Debug|Any CPU
		{5D2BE001-2595-416C-A820-FCFF7FDBCE15}.Release|Any CPU.ActiveCfg = Release|Any CPU
		{5D2BE001-2595-416C-A820-FCFF7FDBCE15}.Release|Any CPU.Build.0 = Release|Any CPU
		{5D2BE001-2595-416C-A820-FCFF7FDBCE15}.Release|x64.ActiveCfg = Release|Any CPU
		{5D2BE001-2595-416C-A820-FCFF7FDBCE15}.Release|x64.Build.0 = Release|Any CPU
		{5D2BE001-2595-416C-A820-FCFF7FDBCE15}.Release|x86.ActiveCfg = Release|Any CPU
		{5D2BE001-2595-416C-A820-FCFF7FDBCE15}.Release|x86.Build.0 = Release|Any CPU
		{1DCE9D46-4E19-4992-9BF8-9BB5A547214F}.Debug|Any CPU.ActiveCfg = Debug|Any CPU
		{1DCE9D46-4E19-4992-9BF8-9BB5A547214F}.Debug|Any CPU.Build.0 = Debug|Any CPU
		{1DCE9D46-4E19-4992-9BF8-9BB5A547214F}.Debug|x64.ActiveCfg = Debug|Any CPU
		{1DCE9D46-4E19-4992-9BF8-9BB5A547214F}.Debug|x64.Build.0 = Debug|Any CPU
		{1DCE9D46-4E19-4992-9BF8-9BB5A547214F}.Debug|x86.ActiveCfg = Debug|Any CPU
		{1DCE9D46-4E19-4992-9BF8-9BB5A547214F}.Debug|x86.Build.0 = Debug|Any CPU
		{1DCE9D46-4E19-4992-9BF8-9BB5A547214F}.Release|Any CPU.ActiveCfg = Release|Any CPU
		{1DCE9D46-4E19-4992-9BF8-9BB5A547214F}.Release|Any CPU.Build.0 = Release|Any CPU
		{1DCE9D46-4E19-4992-9BF8-9BB5A547214F}.Release|x64.ActiveCfg = Release|Any CPU
		{1DCE9D46-4E19-4992-9BF8-9BB5A547214F}.Release|x64.Build.0 = Release|Any CPU
		{1DCE9D46-4E19-4992-9BF8-9BB5A547214F}.Release|x86.ActiveCfg = Release|Any CPU
		{1DCE9D46-4E19-4992-9BF8-9BB5A547214F}.Release|x86.Build.0 = Release|Any CPU
		{392BB61A-031F-4C8E-9B23-260C5C3CCF97}.Debug|Any CPU.ActiveCfg = Debug|x64
		{392BB61A-031F-4C8E-9B23-260C5C3CCF97}.Debug|Any CPU.Build.0 = Debug|x64
		{392BB61A-031F-4C8E-9B23-260C5C3CCF97}.Debug|x64.ActiveCfg = Debug|x64
		{392BB61A-031F-4C8E-9B23-260C5C3CCF97}.Debug|x64.Build.0 = Debug|x64
		{392BB61A-031F-4C8E-9B23-260C5C3CCF97}.Debug|x86.ActiveCfg = Debug|Win32
		{392BB61A-031F-4C8E-9B23-260C5C3CCF97}.Debug|x86.Build.0 = Debug|Win32
		{392BB61A-031F-4C8E-9B23-260C5C3CCF97}.Release|Any CPU.ActiveCfg = Release|x64
		{392BB61A-031F-4C8E-9B23-260C5C3CCF97}.Release|Any CPU.Build.0 = Release|x64
		{392BB61A-031F-4C8E-9B23-260C5C3CCF97}.Release|x64.ActiveCfg = Release|x64
		{392BB61A-031F-4C8E-9B23-260C5C3CCF97}.Release|x64.Build.0 = Release|x64
		{392BB61A-031F-4C8E-9B23-260C5C3CCF97}.Release|x86.ActiveCfg = Release|Win32
		{392BB61A-031F-4C8E-9B23-260C5C3CCF97}.Release|x86.Build.0 = Release|Win32
	EndGlobalSection
	GlobalSection(SolutionProperties) = preSolution
		HideSolutionNode = FALSE
	EndGlobalSection
	GlobalSection(ExtensibilityGlobals) = postSolution
		SolutionGuid = {0383D644-4104-4F80-9B52-3F586CDBD594}
	EndGlobalSection
EndGlobal
